
Microsoft Visual Studio Solution File, Format Version 12.00
# Visual Studio 15
VisualStudioVersion = 15.0.28010.2036
MinimumVisualStudioVersion = 10.0.40219.1
Project("{FAE04EC0-301F-11D3-BF4B-00C04F79EFBC}") = "Deserializing_JSON", "Deserializing_JSON\Deserializing_JSON.csproj", "{863A9406-91B0-44C4-AB31-D7270EBFCF22}"
EndProject
Global
	GlobalSection(SolutionConfigurationPlatforms) = preSolution
		Debug|Any CPU = Debug|Any CPU
		Release|Any CPU = Release|Any CPU
	EndGlobalSection
	GlobalSection(ProjectConfigurationPlatforms) = postSolution
		{863A9406-91B0-44C4-AB31-D7270EBFCF22}.Debug|Any CPU.ActiveCfg = Debug|Any CPU
		{863A9406-91B0-44C4-AB31-D7270EBFCF22}.Debug|Any CPU.Build.0 = Debug|Any CPU
		{863A9406-91B0-44C4-AB31-D7270EBFCF22}.Release|Any CPU.ActiveCfg = Release|Any CPU
		{863A9406-91B0-44C4-AB31-D7270EBFCF22}.Release|Any CPU.Build.0 = Release|Any CPU
	EndGlobalSection
	GlobalSection(SolutionProperties) = preSolution
		HideSolutionNode = FALSE
	EndGlobalSection
	GlobalSection(ExtensibilityGlobals) = postSolution
		SolutionGuid = {7414FC9E-F917-49FE-96CD-78466EDD20AC}
	EndGlobalSection
EndGlobal
